
Microsoft Visual Studio Solution File, Format Version 12.00
# Visual Studio Version 17
VisualStudioVersion = 17.4.33213.308
MinimumVisualStudioVersion = 10.0.40219.1
Project("{9A19103F-16F7-4668-BE54-9A1E7A4F7556}") = "ASPNET_QL", "ASPNET_QL.csproj", "{B2F519E7-B791-4ED5-A761-E2EE671D2988}"
EndProject
Global
	GlobalSection(SolutionConfigurationPlatforms) = preSolution
		Debug|Any CPU = Debug|Any CPU
		Release|Any CPU = Release|Any CPU
	EndGlobalSection
	GlobalSection(ProjectConfigurationPlatforms) = postSolution
		{B2F519E7-B791-4ED5-A761-E2EE671D2988}.Debug|Any CPU.ActiveCfg = Debug|Any CPU
		{B2F519E7-B791-4ED5-A761-E2EE671D2988}.Debug|Any CPU.Build.0 = Debug|Any CPU
		{B2F519E7-B791-4ED5-A761-E2EE671D2988}.Release|Any CPU.ActiveCfg = Release|Any CPU
		{B2F519E7-B791-4ED5-A761-E2EE671D2988}.Release|Any CPU.Build.0 = Release|Any CPU
	EndGlobalSection
	GlobalSection(SolutionProperties) = preSolution
		HideSolutionNode = FALSE
	EndGlobalSection
	GlobalSection(ExtensibilityGlobals) = postSolution
		SolutionGuid = {7C863004-3126-403A-89CE-07398CC2D4AE}
	EndGlobalSection
EndGlobal
